# @generated - this file is auto-generated by `mise lock` https://mise.en.dev/dev-tools/mise-lock.html

[[tools.bun]]
version = "1.4.2"
backend = "core:bun"

[tools.bun."platforms.linux-arm64"]
checksum = "sha256:54328bbc2d9c8e0c9f892c544d66c57a83b84139e34909e5ee81758f1ac8fda7"
url = "https://github.com/oven-sh/bun/releases/download/bun-v1.4.2/bun-linux-aarch64.zip"

[tools.bun."platforms.linux-arm64-musl"]
checksum = "sha256:71760b6c8ea30623b81a4907cb815d48e2ea266f2e73e751534a44a0607950df"
url = "https://github.com/oven-sh/bun/releases/download/bun-v1.4.2/bun-linux-aarch64-musl.zip"

[tools.bun."platforms.linux-x64"]
checksum = "sha256:36368faef7527875d5ffa52e53cd48021741f2a83eb6208a8dd64068d422a913"
url = "https://github.com/oven-sh/bun/releases/download/bun-v1.4.2/bun-linux-x64.zip"

[tools.bun."platforms.linux-x64-baseline"]
checksum = "sha256:c678040f14fe0440eb839d37cbd0ce4c051a32da72806ac97de6a6aab6bf728f"
url = "https://github.com/oven-sh/bun/releases/download/bun-v1.4.2/bun-linux-x64-baseline.zip"

[tools.bun."platforms.linux-x64-musl"]
checksum = "sha256:4835eca59d6da70f4674f5642f6e459dcadab773695b2ed9922d131057989742"
url = "https://github.com/oven-sh/bun/releases/download/bun-v1.4.2/bun-linux-x64-musl.zip"

[tools.bun."platforms.linux-x64-musl-baseline"]
checksum = "sha256:76e1db84e98f22f78de0a87e309bfbbf297732847f9720db36750646c85c8c18"
url = "https://github.com/oven-sh/bun/releases/download/bun-v1.4.2/bun-linux-x64-musl-baseline.zip"

[tools.bun."platforms.macos-arm64"]
checksum = "sha256:90987a3a16d7db556d886ac3d551e7b6d3edf0a1cf43acaed622e8676be1d12f"
url = "https://github.com/oven-sh/bun/releases/download/bun-v1.4.2/bun-darwin-aarch64.zip"

[[tools."cargo:similarity-ts"]]
version = "0.5.0"
backend = "cargo:similarity-ts"

[[tools.cloudflared]]
version = "2026.8.3"
backend = "aqua:cloudflare/cloudflared"

[tools.cloudflared."platforms.linux-arm64"]
checksum = "sha256:4bcfd35521a7cbc545ebfd5d57334a71ee180e2a64874981f374c81472118391"
url = "https://github.com/cloudflare/cloudflared/releases/download/2026.8.3/cloudflared-linux-arm64"
url_api = "https://api.github.com/repos/cloudflare/cloudflared/releases/assets/537806074"

[tools.cloudflared."platforms.linux-arm64-musl"]
checksum = "sha256:4bcfd35521a7cbc545ebfd5d57334a71ee180e2a64874981f374c81472118391"
url = "https://github.com/cloudflare/cloudflared/releases/download/2026.8.3/cloudflared-linux-arm64"
url_api = "https://api.github.com/repos/cloudflare/cloudflared/releases/assets/537806074"

[tools.cloudflared."platforms.linux-x64"]
checksum = "sha256:f29324fe934d1e100617484c78deef803c4dc2cd351d645bbde42e96b4fccc5e"
url = "https://github.com/cloudflare/cloudflared/releases/download/2026.8.3/cloudflared-linux-amd64"
url_api = "https://api.github.com/repos/cloudflare/cloudflared/releases/assets/537805921"

[tools.cloudflared."platforms.linux-x64-baseline"]
checksum = "sha256:f29324fe934d1e100617484c78deef803c4dc2cd351d645bbde42e96b4fccc5e"
url = "https://github.com/cloudflare/cloudflared/releases/download/2026.8.3/cloudflared-linux-amd64"
url_api = "https://api.github.com/repos/cloudflare/cloudflared/releases/assets/537805921"

[tools.cloudflared."platforms.linux-x64-musl"]
checksum = "sha256:f29324fe934d1e100617484c78deef803c4dc2cd351d645bbde42e96b4fccc5e"
url = "https://github.com/cloudflare/cloudflared/releases/download/2026.8.3/cloudflared-linux-amd64"
url_api = "https://api.github.com/repos/cloudflare/cloudflared/releases/assets/537805921"

[tools.cloudflared."platforms.linux-x64-musl-baseline"]
checksum = "sha256:f29324fe934d1e100617484c78deef803c4dc2cd351d645bbde42e96b4fccc5e"
url = "https://github.com/cloudflare/cloudflared/releases/download/2026.8.3/cloudflared-linux-amd64"
url_api = "https://api.github.com/repos/cloudflare/cloudflared/releases/assets/537805921"

[tools.cloudflared."platforms.macos-arm64"]
checksum = "sha256:40c9144d86df8937c5b43293a1f7d2d2107029aa74725023dd46b1b27154352f"
url = "https://github.com/cloudflare/cloudflared/releases/download/2026.8.3/cloudflared-darwin-arm64.tgz"
url_api = "https://api.github.com/repos/cloudflare/cloudflared/releases/assets/537806530"

[[tools.ghq]]
version = "1.10.1"
backend = "aqua:x-motemen/ghq"

[tools.ghq."platforms.linux-arm64"]
checksum = "sha256:7ed154f62751e91c8a2d415280caeeba3d114050d01e39f3d0f4aa1be15f3954"
url = "https://github.com/x-motemen/ghq/releases/download/v1.10.1/ghq_linux_arm64.zip"
url_api = "https://api.github.com/repos/x-motemen/ghq/releases/assets/394135805"

[tools.ghq."platforms.linux-arm64-musl"]
checksum = "sha256:7ed154f62751e91c8a2d415280caeeba3d114050d01e39f3d0f4aa1be15f3954"
url = "https://github.com/x-motemen/ghq/releases/download/v1.10.1/ghq_linux_arm64.zip"
url_api = "https://api.github.com/repos/x-motemen/ghq/releases/assets/394135805"

[tools.ghq."platforms.linux-x64"]
checksum = "sha256:32e380aa8ac76fdd58758cc06174d9ee5db7270bd0cbcc18138b5d36def91b6b"
url = "https://github.com/x-motemen/ghq/releases/download/v1.10.1/ghq_linux_amd64.zip"
url_api = "https://api.github.com/repos/x-motemen/ghq/releases/assets/394135802"

[tools.ghq."platforms.linux-x64-baseline"]
checksum = "sha256:32e380aa8ac76fdd58758cc06174d9ee5db7270bd0cbcc18138b5d36def91b6b"
url = "https://github.com/x-motemen/ghq/releases/download/v1.10.1/ghq_linux_amd64.zip"
url_api = "https://api.github.com/repos/x-motemen/ghq/releases/assets/394135802"

[tools.ghq."platforms.linux-x64-musl"]
checksum = "sha256:32e380aa8ac76fdd58758cc06174d9ee5db7270bd0cbcc18138b5d36def91b6b"
url = "https://github.com/x-motemen/ghq/releases/download/v1.10.1/ghq_linux_amd64.zip"
url_api = "https://api.github.com/repos/x-motemen/ghq/releases/assets/394135802"

[tools.ghq."platforms.linux-x64-musl-baseline"]
checksum = "sha256:32e380aa8ac76fdd58758cc06174d9ee5db7270bd0cbcc18138b5d36def91b6b"
url = "https://github.com/x-motemen/ghq/releases/download/v1.10.1/ghq_linux_amd64.zip"
url_api = "https://api.github.com/repos/x-motemen/ghq/releases/assets/394135802"

[tools.ghq."platforms.macos-arm64"]
checksum = "sha256:5e3100de0c5a248eebe6ab176ad94d6e12386af70a58c535368a4301861b1398"
url = "https://github.com/x-motemen/ghq/releases/download/v1.10.1/ghq_darwin_arm64.zip"
url_api = "https://api.github.com/repos/x-motemen/ghq/releases/assets/394135804"

[[tools.github-cli]]
version = "2.100.0"
backend = "aqua:cli/cli"

[tools.github-cli."platforms.linux-arm64"]
checksum = "sha256:ea4e7a581a32ccad6cc7923cb1576ac5859ba4b9a16ab22eb8f8a96e78e2e961"
url = "https://github.com/cli/cli/releases/download/v2.100.0/gh_2.100.0_linux_arm64.tar.gz"
url_api = "https://api.github.com/repos/cli/cli/releases/assets/542974279"
provenance = "github-attestations"

[tools.github-cli."platforms.linux-arm64-musl"]
checksum = "sha256:ea4e7a581a32ccad6cc7923cb1576ac5859ba4b9a16ab22eb8f8a96e78e2e961"
url = "https://github.com/cli/cli/releases/download/v2.100.0/gh_2.100.0_linux_arm64.tar.gz"
url_api = "https://api.github.com/repos/cli/cli/releases/assets/542974279"
provenance = "github-attestations"

[tools.github-cli."platforms.linux-x64"]
checksum = "sha256:e4d4bb4498e8d007abe545b6568926793ace1b6447da598294a610018cb164be"
url = "https://github.com/cli/cli/releases/download/v2.100.0/gh_2.100.0_linux_amd64.tar.gz"
url_api = "https://api.github.com/repos/cli/cli/releases/assets/542974264"
provenance = "github-attestations"

[tools.github-cli."platforms.linux-x64-baseline"]
checksum = "sha256:e4d4bb4498e8d007abe545b6568926793ace1b6447da598294a610018cb164be"
url = "https://github.com/cli/cli/releases/download/v2.100.0/gh_2.100.0_linux_amd64.tar.gz"
url_api = "https://api.github.com/repos/cli/cli/releases/assets/542974264"
provenance = "github-attestations"

[tools.github-cli."platforms.linux-x64-musl"]
checksum = "sha256:e4d4bb4498e8d007abe545b6568926793ace1b6447da598294a610018cb164be"
url = "https://github.com/cli/cli/releases/download/v2.100.0/gh_2.100.0_linux_amd64.tar.gz"
url_api = "https://api.github.com/repos/cli/cli/releases/assets/542974264"
provenance = "github-attestations"

[tools.github-cli."platforms.linux-x64-musl-baseline"]
checksum = "sha256:e4d4bb4498e8d007abe545b6568926793ace1b6447da598294a610018cb164be"
url = "https://github.com/cli/cli/releases/download/v2.100.0/gh_2.100.0_linux_amd64.tar.gz"
url_api = "https://api.github.com/repos/cli/cli/releases/assets/542974264"
provenance = "github-attestations"

[tools.github-cli."platforms.macos-arm64"]
checksum = "sha256:45f9a62da2f6e641a7fad57e2ce39656dfd7ef331372d80a2a2aed65abb01642"
url = "https://github.com/cli/cli/releases/download/v2.100.0/gh_2.100.0_macOS_arm64.zip"
url_api = "https://api.github.com/repos/cli/cli/releases/assets/542974295"
provenance = "github-attestations"

[[tools."github:rtk-ai/rtk"]]
version = "0.48.0"
backend = "github:rtk-ai/rtk"

[tools."github:rtk-ai/rtk"."platforms.linux-arm64"]
checksum = "sha256:5ed65486a96077bd6bba7c87fdc9d0e4a1918d19619be3c87380888389a30c7c"
url = "https://github.com/rtk-ai/rtk/releases/download/v0.48.0/rtk-aarch64-unknown-linux-gnu.tar.gz"
url_api = "https://api.github.com/repos/rtk-ai/rtk/releases/assets/544473446"

[tools."github:rtk-ai/rtk"."platforms.linux-arm64-musl"]
checksum = "sha256:5ed65486a96077bd6bba7c87fdc9d0e4a1918d19619be3c87380888389a30c7c"
url = "https://github.com/rtk-ai/rtk/releases/download/v0.48.0/rtk-aarch64-unknown-linux-gnu.tar.gz"
url_api = "https://api.github.com/repos/rtk-ai/rtk/releases/assets/544473446"

[tools."github:rtk-ai/rtk"."platforms.linux-x64"]
checksum = "sha256:e4e650fa1677c0de2f6839a6040d7b17f312d32f163c402b75af70e9e5af1a91"
url = "https://github.com/rtk-ai/rtk/releases/download/v0.48.0/rtk-x86_64-unknown-linux-musl.tar.gz"
url_api = "https://api.github.com/repos/rtk-ai/rtk/releases/assets/544473450"

[tools."github:rtk-ai/rtk"."platforms.linux-x64-baseline"]
checksum = "sha256:e4e650fa1677c0de2f6839a6040d7b17f312d32f163c402b75af70e9e5af1a91"
url = "https://github.com/rtk-ai/rtk/releases/download/v0.48.0/rtk-x86_64-unknown-linux-musl.tar.gz"
url_api = "https://api.github.com/repos/rtk-ai/rtk/releases/assets/544473450"

[tools."github:rtk-ai/rtk"."platforms.linux-x64-musl"]
checksum = "sha256:e4e650fa1677c0de2f6839a6040d7b17f312d32f163c402b75af70e9e5af1a91"
url = "https://github.com/rtk-ai/rtk/releases/download/v0.48.0/rtk-x86_64-unknown-linux-musl.tar.gz"
url_api = "https://api.github.com/repos/rtk-ai/rtk/releases/assets/544473450"

[tools."github:rtk-ai/rtk"."platforms.linux-x64-musl-baseline"]
checksum = "sha256:e4e650fa1677c0de2f6839a6040d7b17f312d32f163c402b75af70e9e5af1a91"
url = "https://github.com/rtk-ai/rtk/releases/download/v0.48.0/rtk-x86_64-unknown-linux-musl.tar.gz"
url_api = "https://api.github.com/repos/rtk-ai/rtk/releases/assets/544473450"

[tools."github:rtk-ai/rtk"."platforms.macos-arm64"]
checksum = "sha256:4fa025cc93a744b6963f4e53a008e5ba3f74b6a38061f4a47c639e1c3023e0db"
url = "https://github.com/rtk-ai/rtk/releases/download/v0.48.0/rtk-aarch64-apple-darwin.tar.gz"
url_api = "https://api.github.com/repos/rtk-ai/rtk/releases/assets/544473444"

[[tools.hunk]]
version = "0.21.1"
backend = "aqua:modem-dev/hunk"

[tools.hunk."platforms.linux-arm64"]
checksum = "sha256:1d31dfc382b9a4df9c045eb239ec248f61c4161dd32ec7caaab8593d55a9eca6"
url = "https://github.com/modem-dev/hunk/releases/download/v0.21.1/hunkdiff-linux-arm64.tar.gz"
url_api = "https://api.github.com/repos/modem-dev/hunk/releases/assets/545159499"

[tools.hunk."platforms.linux-arm64-musl"]
checksum = "sha256:1d31dfc382b9a4df9c045eb239ec248f61c4161dd32ec7caaab8593d55a9eca6"
url = "https://github.com/modem-dev/hunk/releases/download/v0.21.1/hunkdiff-linux-arm64.tar.gz"
url_api = "https://api.github.com/repos/modem-dev/hunk/releases/assets/545159499"

[tools.hunk."platforms.linux-x64"]
checksum = "sha256:c7d1e23ba4ffb6ca3330797e9f0c82dbada50e3cfe1b719f4194747f2cbca122"
url = "https://github.com/modem-dev/hunk/releases/download/v0.21.1/hunkdiff-linux-x64.tar.gz"
url_api = "https://api.github.com/repos/modem-dev/hunk/releases/assets/545159494"

[tools.hunk."platforms.linux-x64-baseline"]
checksum = "sha256:c7d1e23ba4ffb6ca3330797e9f0c82dbada50e3cfe1b719f4194747f2cbca122"
url = "https://github.com/modem-dev/hunk/releases/download/v0.21.1/hunkdiff-linux-x64.tar.gz"
url_api = "https://api.github.com/repos/modem-dev/hunk/releases/assets/545159494"

[tools.hunk."platforms.linux-x64-musl"]
checksum = "sha256:c7d1e23ba4ffb6ca3330797e9f0c82dbada50e3cfe1b719f4194747f2cbca122"
url = "https://github.com/modem-dev/hunk/releases/download/v0.21.1/hunkdiff-linux-x64.tar.gz"
url_api = "https://api.github.com/repos/modem-dev/hunk/releases/assets/545159494"

[tools.hunk."platforms.linux-x64-musl-baseline"]
checksum = "sha256:c7d1e23ba4ffb6ca3330797e9f0c82dbada50e3cfe1b719f4194747f2cbca122"
url = "https://github.com/modem-dev/hunk/releases/download/v0.21.1/hunkdiff-linux-x64.tar.gz"
url_api = "https://api.github.com/repos/modem-dev/hunk/releases/assets/545159494"

[tools.hunk."platforms.macos-arm64"]
checksum = "sha256:c78d881ff3e68258ca6be7da20d786edc05993a535cc5bba2e4a298ddc1801ba"
url = "https://github.com/modem-dev/hunk/releases/download/v0.21.1/hunkdiff-darwin-arm64.tar.gz"
url_api = "https://api.github.com/repos/modem-dev/hunk/releases/assets/545159496"

[[tools.jq]]
version = "1.8.2"
backend = "aqua:jqlang/jq"

[tools.jq."platforms.linux-arm64"]
checksum = "sha256:8b85c817833814ddca00a144c33705546355afccf0cf39b188f3cdb48b852309"
url = "https://github.com/jqlang/jq/releases/download/jq-1.8.2/jq-linux-arm64"
url_api = "https://api.github.com/repos/jqlang/jq/releases/assets/453012756"
provenance = "github-attestations"

[tools.jq."platforms.linux-arm64-musl"]
checksum = "sha256:8b85c817833814ddca00a144c33705546355afccf0cf39b188f3cdb48b852309"
url = "https://github.com/jqlang/jq/releases/download/jq-1.8.2/jq-linux-arm64"
url_api = "https://api.github.com/repos/jqlang/jq/releases/assets/453012756"
provenance = "github-attestations"

[tools.jq."platforms.linux-x64"]
checksum = "sha256:b1c22172dd303f3be49e935aa56aa48a8b7a46e0bc838b4997d3bb451495870f"
url = "https://github.com/jqlang/jq/releases/download/jq-1.8.2/jq-linux-amd64"
url_api = "https://api.github.com/repos/jqlang/jq/releases/assets/453012752"
provenance = "github-attestations"

[tools.jq."platforms.linux-x64-baseline"]
checksum = "sha256:b1c22172dd303f3be49e935aa56aa48a8b7a46e0bc838b4997d3bb451495870f"
url = "https://github.com/jqlang/jq/releases/download/jq-1.8.2/jq-linux-amd64"
url_api = "https://api.github.com/repos/jqlang/jq/releases/assets/453012752"
provenance = "github-attestations"

[tools.jq."platforms.linux-x64-musl"]
checksum = "sha256:b1c22172dd303f3be49e935aa56aa48a8b7a46e0bc838b4997d3bb451495870f"
url = "https://github.com/jqlang/jq/releases/download/jq-1.8.2/jq-linux-amd64"
url_api = "https://api.github.com/repos/jqlang/jq/releases/assets/453012752"
provenance = "github-attestations"

[tools.jq."platforms.linux-x64-musl-baseline"]
checksum = "sha256:b1c22172dd303f3be49e935aa56aa48a8b7a46e0bc838b4997d3bb451495870f"
url = "https://github.com/jqlang/jq/releases/download/jq-1.8.2/jq-linux-amd64"
url_api = "https://api.github.com/repos/jqlang/jq/releases/assets/453012752"
provenance = "github-attestations"

[tools.jq."platforms.macos-arm64"]
checksum = "sha256:2d75340ba57a4b4b4c8708a21c2dc8e958a48aaa8bba13b27f77f6e4c0eca07e"
url = "https://github.com/jqlang/jq/releases/download/jq-1.8.2/jq-macos-arm64"
url_api = "https://api.github.com/repos/jqlang/jq/releases/assets/453012783"
provenance = "github-attestations"

[[tools.node]]
version = "26.8.2"
backend = "core:node"

[tools.node."platforms.linux-arm64"]
checksum = "sha256:746cdbf21565b4ea06f77642bb0e85466de8bb722242be2c5e006f272c361c63"
url = "https://nodejs.org/dist/v26.8.2/node-v26.8.2-linux-arm64.tar.gz"

[tools.node."platforms.linux-arm64-musl"]
checksum = "sha256:125437a0b59d69592b8f4bb813a47245337afac8c973d15ab7720f0ec55d182d"
url = "https://unofficial-builds.nodejs.org/download/release/v26.8.2/node-v26.8.2-linux-arm64-musl.tar.gz"

[tools.node."platforms.linux-x64"]
checksum = "sha256:badb3fe6a61b85e1352ca6564dc56b8b7bd5ecd5c474c52acc21dd0cdd586f35"
url = "https://nodejs.org/dist/v26.8.2/node-v26.8.2-linux-x64.tar.gz"

[tools.node."platforms.linux-x64-baseline"]
checksum = "sha256:badb3fe6a61b85e1352ca6564dc56b8b7bd5ecd5c474c52acc21dd0cdd586f35"
url = "https://nodejs.org/dist/v26.8.2/node-v26.8.2-linux-x64.tar.gz"

[tools.node."platforms.linux-x64-musl"]
checksum = "sha256:696eb0180248a06c9893f3f07bcc4e2680891c83118c73aaf1de330efd053910"
url = "https://unofficial-builds.nodejs.org/download/release/v26.8.2/node-v26.8.2-linux-x64-musl.tar.gz"

[tools.node."platforms.linux-x64-musl-baseline"]
checksum = "sha256:696eb0180248a06c9893f3f07bcc4e2680891c83118c73aaf1de330efd053910"
url = "https://unofficial-builds.nodejs.org/download/release/v26.8.2/node-v26.8.2-linux-x64-musl.tar.gz"

[tools.node."platforms.macos-arm64"]
checksum = "sha256:974b6d5fb2fc7c33ff2354db0902b4e91c2de01ec8acc6de48e543c97e18c9e1"
url = "https://nodejs.org/dist/v26.8.2/node-v26.8.2-darwin-arm64.tar.gz"

[[tools."npm:@antfu/ni"]]
version = "30.5.0"
backend = "npm:@antfu/ni"

[[tools."npm:@google/gemini-cli"]]
version = "0.59.0"
backend = "npm:@google/gemini-cli"

[[tools."npm:@openai/codex"]]
version = "0.153.4"
backend = "npm:@openai/codex"

[[tools."npm:@playwright/cli"]]
version = "0.1.19"
backend = "npm:@playwright/cli"

[[tools."npm:ctx7"]]
version = "0.5.11"
backend = "npm:ctx7"

[[tools."npm:difit"]]
version = "5.0.12"
backend = "npm:difit"

[[tools."npm:pnpm"]]
version = "12.3.4"
backend = "npm:pnpm"

[[tools.oci]]
version = "3.92.1"
backend = "vfox:oci"

[[tools.opencode]]
version = "1.18.29"
backend = "aqua:anomalyco/opencode"

[tools.opencode."platforms.linux-arm64"]
checksum = "sha256:70baf769395ca4e7a68924026530c390eace194f3b7e4919d4efcb2aa2eed3c0"
url = "https://github.com/anomalyco/opencode/releases/download/v1.18.29/opencode-linux-arm64.tar.gz"
url_api = "https://api.github.com/repos/anomalyco/opencode/releases/assets/545047606"

[tools.opencode."platforms.linux-arm64-musl"]
checksum = "sha256:9b9044ede6449dc34888b85f0a51be5777a5886fe5e1cbd67898b13f8a5bec04"
url = "https://github.com/anomalyco/opencode/releases/download/v1.18.29/opencode-linux-arm64-musl.tar.gz"
url_api = "https://api.github.com/repos/anomalyco/opencode/releases/assets/545047667"

[tools.opencode."platforms.linux-x64"]
checksum = "sha256:ea800b7ff56226b70952126c9fc1e2517ca4c4b5682fd9d3f9e87449697a1194"
url = "https://github.com/anomalyco/opencode/releases/download/v1.18.29/opencode-linux-x64.tar.gz"
url_api = "https://api.github.com/repos/anomalyco/opencode/releases/assets/545047604"

[tools.opencode."platforms.linux-x64-baseline"]
checksum = "sha256:ea800b7ff56226b70952126c9fc1e2517ca4c4b5682fd9d3f9e87449697a1194"
url = "https://github.com/anomalyco/opencode/releases/download/v1.18.29/opencode-linux-x64.tar.gz"
url_api = "https://api.github.com/repos/anomalyco/opencode/releases/assets/545047604"

[tools.opencode."platforms.linux-x64-musl"]
checksum = "sha256:294bfa0f4647e0fc5d3edceed94e8dc1047757975689f4269aadb91d6774f9ed"
url = "https://github.com/anomalyco/opencode/releases/download/v1.18.29/opencode-linux-x64-musl.tar.gz"
url_api = "https://api.github.com/repos/anomalyco/opencode/releases/assets/545047608"

[tools.opencode."platforms.linux-x64-musl-baseline"]
checksum = "sha256:294bfa0f4647e0fc5d3edceed94e8dc1047757975689f4269aadb91d6774f9ed"
url = "https://github.com/anomalyco/opencode/releases/download/v1.18.29/opencode-linux-x64-musl.tar.gz"
url_api = "https://api.github.com/repos/anomalyco/opencode/releases/assets/545047608"

[tools.opencode."platforms.macos-arm64"]
checksum = "sha256:fe764f7f360c584a83e18dd5f23fb1a6b2725f5ee8854b0252fe558f7798e946"
url = "https://github.com/anomalyco/opencode/releases/download/v1.18.29/opencode-darwin-arm64.zip"
url_api = "https://api.github.com/repos/anomalyco/opencode/releases/assets/545047483"

[[tools.pinact]]
version = "4.1.1"
backend = "aqua:suzuki-shunsuke/pinact"

[tools.pinact."platforms.linux-arm64"]
checksum = "sha256:dd1f29908319ed3e59f9fe6b39196efbb76936357f3bd741cd759a96306ae8d8"
url = "https://github.com/suzuki-shunsuke/pinact/releases/download/v4.1.1/pinact_linux_arm64.tar.gz"
url_api = "https://api.github.com/repos/suzuki-shunsuke/pinact/releases/assets/494702261"
provenance = "github-attestations"

[tools.pinact."platforms.linux-arm64-musl"]
checksum = "sha256:dd1f29908319ed3e59f9fe6b39196efbb76936357f3bd741cd759a96306ae8d8"
url = "https://github.com/suzuki-shunsuke/pinact/releases/download/v4.1.1/pinact_linux_arm64.tar.gz"
url_api = "https://api.github.com/repos/suzuki-shunsuke/pinact/releases/assets/494702261"
provenance = "github-attestations"

[tools.pinact."platforms.linux-x64"]
checksum = "sha256:d1cffebe5704b74e2e5f8a864efb9f7e54768972dc686188c008033fb1797841"
url = "https://github.com/suzuki-shunsuke/pinact/releases/download/v4.1.1/pinact_linux_amd64.tar.gz"
url_api = "https://api.github.com/repos/suzuki-shunsuke/pinact/releases/assets/494702259"
provenance = "github-attestations"

[tools.pinact."platforms.linux-x64-baseline"]
checksum = "sha256:d1cffebe5704b74e2e5f8a864efb9f7e54768972dc686188c008033fb1797841"
url = "https://github.com/suzuki-shunsuke/pinact/releases/download/v4.1.1/pinact_linux_amd64.tar.gz"
url_api = "https://api.github.com/repos/suzuki-shunsuke/pinact/releases/assets/494702259"
provenance = "github-attestations"

[tools.pinact."platforms.linux-x64-musl"]
checksum = "sha256:d1cffebe5704b74e2e5f8a864efb9f7e54768972dc686188c008033fb1797841"
url = "https://github.com/suzuki-shunsuke/pinact/releases/download/v4.1.1/pinact_linux_amd64.tar.gz"
url_api = "https://api.github.com/repos/suzuki-shunsuke/pinact/releases/assets/494702259"
provenance = "github-attestations"

[tools.pinact."platforms.linux-x64-musl-baseline"]
checksum = "sha256:d1cffebe5704b74e2e5f8a864efb9f7e54768972dc686188c008033fb1797841"
url = "https://github.com/suzuki-shunsuke/pinact/releases/download/v4.1.1/pinact_linux_amd64.tar.gz"
url_api = "https://api.github.com/repos/suzuki-shunsuke/pinact/releases/assets/494702259"
provenance = "github-attestations"

[tools.pinact."platforms.macos-arm64"]
checksum = "sha256:c13998c9f0dd09d8973700938aa5f6ac52a1db4e94d4f578d8cc976cda478614"
url = "https://github.com/suzuki-shunsuke/pinact/releases/download/v4.1.1/pinact_darwin_arm64.tar.gz"
url_api = "https://api.github.com/repos/suzuki-shunsuke/pinact/releases/assets/494702257"
provenance = "github-attestations"

[[tools.uv]]
version = "0.12.11"
backend = "aqua:astral-sh/uv"

[tools.uv."platforms.linux-arm64"]
checksum = "sha256:e9933d907fb9cd27d606d819bbded419f2844c0e2efc98225ecfa409288eb28d"
url = "https://github.com/astral-sh/uv/releases/download/0.12.11/uv-aarch64-unknown-linux-gnu.tar.gz"
url_api = "https://api.github.com/repos/astral-sh/uv/releases/assets/551278504"
provenance = "github-attestations"

[tools.uv."platforms.linux-arm64-musl"]
checksum = "sha256:de99cafdeb5ee6f61ac3acd6d9dc6a1ef166f9398fa5623c436246ee1ecea099"
url = "https://github.com/astral-sh/uv/releases/download/0.12.11/uv-aarch64-unknown-linux-musl.tar.gz"
url_api = "https://api.github.com/repos/astral-sh/uv/releases/assets/551278510"
provenance = "github-attestations"

[tools.uv."platforms.linux-x64"]
checksum = "sha256:4ae93e0f148a18434cc094072547cec88912fc4a72b984183c7d0d0e9586cb5e"
url = "https://github.com/astral-sh/uv/releases/download/0.12.11/uv-x86_64-unknown-linux-gnu.tar.gz"
url_api = "https://api.github.com/repos/astral-sh/uv/releases/assets/551278642"
provenance = "github-attestations"

[tools.uv."platforms.linux-x64-baseline"]
checksum = "sha256:4ae93e0f148a18434cc094072547cec88912fc4a72b984183c7d0d0e9586cb5e"
url = "https://github.com/astral-sh/uv/releases/download/0.12.11/uv-x86_64-unknown-linux-gnu.tar.gz"
url_api = "https://api.github.com/repos/astral-sh/uv/releases/assets/551278642"
provenance = "github-attestations"

[tools.uv."platforms.linux-x64-musl"]
checksum = "sha256:3343303ad6b4f9537ae0abfb36f1926a90c0445ba8f23d0e0a840a66a124cffd"
url = "https://github.com/astral-sh/uv/releases/download/0.12.11/uv-x86_64-unknown-linux-musl.tar.gz"
url_api = "https://api.github.com/repos/astral-sh/uv/releases/assets/551278646"
provenance = "github-attestations"

[tools.uv."platforms.linux-x64-musl-baseline"]
checksum = "sha256:3343303ad6b4f9537ae0abfb36f1926a90c0445ba8f23d0e0a840a66a124cffd"
url = "https://github.com/astral-sh/uv/releases/download/0.12.11/uv-x86_64-unknown-linux-musl.tar.gz"
url_api = "https://api.github.com/repos/astral-sh/uv/releases/assets/551278646"
provenance = "github-attestations"

[tools.uv."platforms.macos-arm64"]
checksum = "sha256:e01b69ee15e81918d5e8fc9cf39b3db7f59c5576e5e306cd9b7aeb2c7b7321c3"
url = "https://github.com/astral-sh/uv/releases/download/0.12.11/uv-aarch64-apple-darwin.tar.gz"
url_api = "https://api.github.com/repos/astral-sh/uv/releases/assets/551278468"
provenance = "github-attestations"

[[tools.wrangler]]
version = "4.130.0"
backend = "npm:wrangler"

[tools.wrangler.options]
allow_builds = '["esbuild", "sharp", "workerd"]'
