# @generated - this file is auto-generated by `mise lock` https://mise.en.dev/dev-tools/mise-lock.html

[[tools.bun]]
version = "1.4.2"
backend = "core:bun"

[tools.bun."platforms.linux-arm64"]
checksum = "sha256:54328bbc2d9c8e0c9f892c544d66c57a83b84139e34909e5ee81758f1ac8fda7"
url = "https://github.com/oven-sh/bun/releases/download/bun-v1.4.2/bun-linux-aarch64.zip"

[tools.bun."platforms.linux-arm64-musl"]
checksum = "sha256:71760b6c8ea30623b81a4907cb815d48e2ea266f2e73e751534a44a0607950df"
url = "https://github.com/oven-sh/bun/releases/download/bun-v1.4.2/bun-linux-aarch64-musl.zip"

[tools.bun."platforms.linux-x64"]
checksum = "sha256:36368faef7527875d5ffa52e53cd48021741f2a83eb6208a8dd64068d422a913"
url = "https://github.com/oven-sh/bun/releases/download/bun-v1.4.2/bun-linux-x64.zip"

[tools.bun."platforms.linux-x64-baseline"]
checksum = "sha256:c678040f14fe0440eb839d37cbd0ce4c051a32da72806ac97de6a6aab6bf728f"
url = "https://github.com/oven-sh/bun/releases/download/bun-v1.4.2/bun-linux-x64-baseline.zip"

[tools.bun."platforms.linux-x64-musl"]
checksum = "sha256:4835eca59d6da70f4674f5642f6e459dcadab773695b2ed9922d131057989742"
url = "https://github.com/oven-sh/bun/releases/download/bun-v1.4.2/bun-linux-x64-musl.zip"

[tools.bun."platforms.linux-x64-musl-baseline"]
checksum = "sha256:76e1db84e98f22f78de0a87e309bfbbf297732847f9720db36750646c85c8c18"
url = "https://github.com/oven-sh/bun/releases/download/bun-v1.4.2/bun-linux-x64-musl-baseline.zip"

[tools.bun."platforms.macos-arm64"]
checksum = "sha256:90987a3a16d7db556d886ac3d551e7b6d3edf0a1cf43acaed622e8676be1d12f"
url = "https://github.com/oven-sh/bun/releases/download/bun-v1.4.2/bun-darwin-aarch64.zip"

[[tools."cargo:similarity-ts"]]
version = "0.5.0"
backend = "cargo:similarity-ts"

[[tools.cloudflared]]
version = "2026.10.0"
backend = "aqua:cloudflare/cloudflared"

[tools.cloudflared."platforms.linux-arm64"]
checksum = "sha256:e6422b9d4f72d3194bc5a38676f13667c06666523217b842a877d72a80b5ac08"
url = "https://github.com/cloudflare/cloudflared/releases/download/2026.10.0/cloudflared-linux-arm64"
url_api = "https://api.github.com/repos/cloudflare/cloudflared/releases/assets/613256478"

[tools.cloudflared."platforms.linux-arm64-musl"]
checksum = "sha256:e6422b9d4f72d3194bc5a38676f13667c06666523217b842a877d72a80b5ac08"
url = "https://github.com/cloudflare/cloudflared/releases/download/2026.10.0/cloudflared-linux-arm64"
url_api = "https://api.github.com/repos/cloudflare/cloudflared/releases/assets/613256478"

[tools.cloudflared."platforms.linux-x64"]
checksum = "sha256:d33ff2d14475178d2012c2c56beba87389ac5ded27649519f198a7d3134a99db"
url = "https://github.com/cloudflare/cloudflared/releases/download/2026.10.0/cloudflared-linux-amd64"
url_api = "https://api.github.com/repos/cloudflare/cloudflared/releases/assets/613255386"

[tools.cloudflared."platforms.linux-x64-baseline"]
checksum = "sha256:d33ff2d14475178d2012c2c56beba87389ac5ded27649519f198a7d3134a99db"
url = "https://github.com/cloudflare/cloudflared/releases/download/2026.10.0/cloudflared-linux-amd64"
url_api = "https://api.github.com/repos/cloudflare/cloudflared/releases/assets/613255386"

[tools.cloudflared."platforms.linux-x64-musl"]
checksum = "sha256:d33ff2d14475178d2012c2c56beba87389ac5ded27649519f198a7d3134a99db"
url = "https://github.com/cloudflare/cloudflared/releases/download/2026.10.0/cloudflared-linux-amd64"
url_api = "https://api.github.com/repos/cloudflare/cloudflared/releases/assets/613255386"

[tools.cloudflared."platforms.linux-x64-musl-baseline"]
checksum = "sha256:d33ff2d14475178d2012c2c56beba87389ac5ded27649519f198a7d3134a99db"
url = "https://github.com/cloudflare/cloudflared/releases/download/2026.10.0/cloudflared-linux-amd64"
url_api = "https://api.github.com/repos/cloudflare/cloudflared/releases/assets/613255386"

[tools.cloudflared."platforms.macos-arm64"]
checksum = "sha256:a2f79ff7b9420aa537d74af239f376da170bbabeb529aec416002adac6a72e70"
url = "https://github.com/cloudflare/cloudflared/releases/download/2026.10.0/cloudflared-darwin-arm64.tgz"
url_api = "https://api.github.com/repos/cloudflare/cloudflared/releases/assets/613254583"

[[tools.ghq]]
version = "1.11.2"
backend = "aqua:x-motemen/ghq"

[tools.ghq."platforms.linux-arm64"]
checksum = "sha256:0a083c5d5b214dd0f4f693cf8839b15f6b5cc4e2d91b0cb4abb8748dcdb353c9"
url = "https://github.com/x-motemen/ghq/releases/download/v1.11.2/ghq_linux_arm64.zip"
url_api = "https://api.github.com/repos/x-motemen/ghq/releases/assets/598741476"

[tools.ghq."platforms.linux-arm64-musl"]
checksum = "sha256:0a083c5d5b214dd0f4f693cf8839b15f6b5cc4e2d91b0cb4abb8748dcdb353c9"
url = "https://github.com/x-motemen/ghq/releases/download/v1.11.2/ghq_linux_arm64.zip"
url_api = "https://api.github.com/repos/x-motemen/ghq/releases/assets/598741476"

[tools.ghq."platforms.linux-x64"]
checksum = "sha256:efa5c1de4e763565b71649229449d8123ceb7131a8d0ed25755aaee73969cdf1"
url = "https://github.com/x-motemen/ghq/releases/download/v1.11.2/ghq_linux_amd64.zip"
url_api = "https://api.github.com/repos/x-motemen/ghq/releases/assets/598741424"

[tools.ghq."platforms.linux-x64-baseline"]
checksum = "sha256:efa5c1de4e763565b71649229449d8123ceb7131a8d0ed25755aaee73969cdf1"
url = "https://github.com/x-motemen/ghq/releases/download/v1.11.2/ghq_linux_amd64.zip"
url_api = "https://api.github.com/repos/x-motemen/ghq/releases/assets/598741424"

[tools.ghq."platforms.linux-x64-musl"]
checksum = "sha256:efa5c1de4e763565b71649229449d8123ceb7131a8d0ed25755aaee73969cdf1"
url = "https://github.com/x-motemen/ghq/releases/download/v1.11.2/ghq_linux_amd64.zip"
url_api = "https://api.github.com/repos/x-motemen/ghq/releases/assets/598741424"

[tools.ghq."platforms.linux-x64-musl-baseline"]
checksum = "sha256:efa5c1de4e763565b71649229449d8123ceb7131a8d0ed25755aaee73969cdf1"
url = "https://github.com/x-motemen/ghq/releases/download/v1.11.2/ghq_linux_amd64.zip"
url_api = "https://api.github.com/repos/x-motemen/ghq/releases/assets/598741424"

[tools.ghq."platforms.macos-arm64"]
checksum = "sha256:8317f8ea5671bccb31e7747eb0a892a77a472dbc7c988f9d47cdfc969a59e242"
url = "https://github.com/x-motemen/ghq/releases/download/v1.11.2/ghq_darwin_arm64.zip"
url_api = "https://api.github.com/repos/x-motemen/ghq/releases/assets/598741463"

[[tools.github-cli]]
version = "2.102.0"
backend = "aqua:cli/cli"

[tools.github-cli."platforms.linux-arm64"]
checksum = "sha256:7862c86c72f43df3a2d93ddde6f473285b4e2af61b494849846827e513ef6484"
url = "https://github.com/cli/cli/releases/download/v2.102.0/gh_2.102.0_linux_arm64.tar.gz"
url_api = "https://api.github.com/repos/cli/cli/releases/assets/599854680"
provenance = "github-attestations"

[tools.github-cli."platforms.linux-arm64-musl"]
checksum = "sha256:7862c86c72f43df3a2d93ddde6f473285b4e2af61b494849846827e513ef6484"
url = "https://github.com/cli/cli/releases/download/v2.102.0/gh_2.102.0_linux_arm64.tar.gz"
url_api = "https://api.github.com/repos/cli/cli/releases/assets/599854680"
provenance = "github-attestations"

[tools.github-cli."platforms.linux-x64"]
checksum = "sha256:bb766f710eef8ede859c18578c72c327597cd4c8a85b06001b1f3843c6019386"
url = "https://github.com/cli/cli/releases/download/v2.102.0/gh_2.102.0_linux_amd64.tar.gz"
url_api = "https://api.github.com/repos/cli/cli/releases/assets/599854672"
provenance = "github-attestations"

[tools.github-cli."platforms.linux-x64-baseline"]
checksum = "sha256:bb766f710eef8ede859c18578c72c327597cd4c8a85b06001b1f3843c6019386"
url = "https://github.com/cli/cli/releases/download/v2.102.0/gh_2.102.0_linux_amd64.tar.gz"
url_api = "https://api.github.com/repos/cli/cli/releases/assets/599854672"
provenance = "github-attestations"

[tools.github-cli."platforms.linux-x64-musl"]
checksum = "sha256:bb766f710eef8ede859c18578c72c327597cd4c8a85b06001b1f3843c6019386"
url = "https://github.com/cli/cli/releases/download/v2.102.0/gh_2.102.0_linux_amd64.tar.gz"
url_api = "https://api.github.com/repos/cli/cli/releases/assets/599854672"
provenance = "github-attestations"

[tools.github-cli."platforms.linux-x64-musl-baseline"]
checksum = "sha256:bb766f710eef8ede859c18578c72c327597cd4c8a85b06001b1f3843c6019386"
url = "https://github.com/cli/cli/releases/download/v2.102.0/gh_2.102.0_linux_amd64.tar.gz"
url_api = "https://api.github.com/repos/cli/cli/releases/assets/599854672"
provenance = "github-attestations"

[tools.github-cli."platforms.macos-arm64"]
checksum = "sha256:da922c20d1792e5b2cbf375593d7a658acf034c12c84e007e71c76ef959c337e"
url = "https://github.com/cli/cli/releases/download/v2.102.0/gh_2.102.0_macOS_arm64.zip"
url_api = "https://api.github.com/repos/cli/cli/releases/assets/599854720"
provenance = "github-attestations"

[[tools."github:rtk-ai/rtk"]]
version = "0.51.0"
backend = "github:rtk-ai/rtk"

[tools."github:rtk-ai/rtk"."platforms.linux-arm64"]
checksum = "sha256:8d6d1aad9e69b42481eda7039507d1f7ee93698f87713cecd873d287c1931632"
url = "https://github.com/rtk-ai/rtk/releases/download/v0.51.0/rtk-aarch64-unknown-linux-gnu.tar.gz"
url_api = "https://api.github.com/repos/rtk-ai/rtk/releases/assets/605695144"

[tools."github:rtk-ai/rtk"."platforms.linux-arm64-musl"]
checksum = "sha256:8d6d1aad9e69b42481eda7039507d1f7ee93698f87713cecd873d287c1931632"
url = "https://github.com/rtk-ai/rtk/releases/download/v0.51.0/rtk-aarch64-unknown-linux-gnu.tar.gz"
url_api = "https://api.github.com/repos/rtk-ai/rtk/releases/assets/605695144"

[tools."github:rtk-ai/rtk"."platforms.linux-x64"]
checksum = "sha256:5028d3b19a8f0990d30fec9fbb07e32782bc5698e618fb1861aad8a9ccba4eb5"
url = "https://github.com/rtk-ai/rtk/releases/download/v0.51.0/rtk-x86_64-unknown-linux-musl.tar.gz"
url_api = "https://api.github.com/repos/rtk-ai/rtk/releases/assets/605695141"

[tools."github:rtk-ai/rtk"."platforms.linux-x64-baseline"]
checksum = "sha256:5028d3b19a8f0990d30fec9fbb07e32782bc5698e618fb1861aad8a9ccba4eb5"
url = "https://github.com/rtk-ai/rtk/releases/download/v0.51.0/rtk-x86_64-unknown-linux-musl.tar.gz"
url_api = "https://api.github.com/repos/rtk-ai/rtk/releases/assets/605695141"

[tools."github:rtk-ai/rtk"."platforms.linux-x64-musl"]
checksum = "sha256:5028d3b19a8f0990d30fec9fbb07e32782bc5698e618fb1861aad8a9ccba4eb5"
url = "https://github.com/rtk-ai/rtk/releases/download/v0.51.0/rtk-x86_64-unknown-linux-musl.tar.gz"
url_api = "https://api.github.com/repos/rtk-ai/rtk/releases/assets/605695141"

[tools."github:rtk-ai/rtk"."platforms.linux-x64-musl-baseline"]
checksum = "sha256:5028d3b19a8f0990d30fec9fbb07e32782bc5698e618fb1861aad8a9ccba4eb5"
url = "https://github.com/rtk-ai/rtk/releases/download/v0.51.0/rtk-x86_64-unknown-linux-musl.tar.gz"
url_api = "https://api.github.com/repos/rtk-ai/rtk/releases/assets/605695141"

[tools."github:rtk-ai/rtk"."platforms.macos-arm64"]
checksum = "sha256:8817d8b71afc02ac8bf06eb24bcc41c306592ab735b68e8fee9db1ba0de7cb59"
url = "https://github.com/rtk-ai/rtk/releases/download/v0.51.0/rtk-aarch64-apple-darwin.tar.gz"
url_api = "https://api.github.com/repos/rtk-ai/rtk/releases/assets/605695140"

[[tools.hunk]]
version = "0.23.0"
backend = "aqua:modem-dev/hunk"

[tools.hunk."platforms.linux-arm64"]
checksum = "sha256:5b8928ae1e987b2b1775d1fe62eebabcc08b9fc9940154e0cef27d24941cb7e4"
url = "https://github.com/modem-dev/hunk/releases/download/v0.23.0/hunkdiff-linux-arm64.tar.gz"
url_api = "https://api.github.com/repos/modem-dev/hunk/releases/assets/601411918"

[tools.hunk."platforms.linux-arm64-musl"]
checksum = "sha256:5b8928ae1e987b2b1775d1fe62eebabcc08b9fc9940154e0cef27d24941cb7e4"
url = "https://github.com/modem-dev/hunk/releases/download/v0.23.0/hunkdiff-linux-arm64.tar.gz"
url_api = "https://api.github.com/repos/modem-dev/hunk/releases/assets/601411918"

[tools.hunk."platforms.linux-x64"]
checksum = "sha256:79ab6406cbb2b800e73c6fbc2546afb97ed4fbc3b50aad072eb9ad12151581e6"
url = "https://github.com/modem-dev/hunk/releases/download/v0.23.0/hunkdiff-linux-x64.tar.gz"
url_api = "https://api.github.com/repos/modem-dev/hunk/releases/assets/601411922"

[tools.hunk."platforms.linux-x64-baseline"]
checksum = "sha256:79ab6406cbb2b800e73c6fbc2546afb97ed4fbc3b50aad072eb9ad12151581e6"
url = "https://github.com/modem-dev/hunk/releases/download/v0.23.0/hunkdiff-linux-x64.tar.gz"
url_api = "https://api.github.com/repos/modem-dev/hunk/releases/assets/601411922"

[tools.hunk."platforms.linux-x64-musl"]
checksum = "sha256:79ab6406cbb2b800e73c6fbc2546afb97ed4fbc3b50aad072eb9ad12151581e6"
url = "https://github.com/modem-dev/hunk/releases/download/v0.23.0/hunkdiff-linux-x64.tar.gz"
url_api = "https://api.github.com/repos/modem-dev/hunk/releases/assets/601411922"

[tools.hunk."platforms.linux-x64-musl-baseline"]
checksum = "sha256:79ab6406cbb2b800e73c6fbc2546afb97ed4fbc3b50aad072eb9ad12151581e6"
url = "https://github.com/modem-dev/hunk/releases/download/v0.23.0/hunkdiff-linux-x64.tar.gz"
url_api = "https://api.github.com/repos/modem-dev/hunk/releases/assets/601411922"

[tools.hunk."platforms.macos-arm64"]
checksum = "sha256:ae42cfe52798a4f51d25f63ceb8685ca2a6cb3039a124d6a6fc172a112f8d6b8"
url = "https://github.com/modem-dev/hunk/releases/download/v0.23.0/hunkdiff-darwin-arm64.tar.gz"
url_api = "https://api.github.com/repos/modem-dev/hunk/releases/assets/601411924"

[[tools.jq]]
version = "1.8.2"
backend = "aqua:jqlang/jq"

[tools.jq."platforms.linux-arm64"]
checksum = "sha256:8b85c817833814ddca00a144c33705546355afccf0cf39b188f3cdb48b852309"
url = "https://github.com/jqlang/jq/releases/download/jq-1.8.2/jq-linux-arm64"
url_api = "https://api.github.com/repos/jqlang/jq/releases/assets/453012756"
provenance = "github-attestations"

[tools.jq."platforms.linux-arm64-musl"]
checksum = "sha256:8b85c817833814ddca00a144c33705546355afccf0cf39b188f3cdb48b852309"
url = "https://github.com/jqlang/jq/releases/download/jq-1.8.2/jq-linux-arm64"
url_api = "https://api.github.com/repos/jqlang/jq/releases/assets/453012756"
provenance = "github-attestations"

[tools.jq."platforms.linux-x64"]
checksum = "sha256:b1c22172dd303f3be49e935aa56aa48a8b7a46e0bc838b4997d3bb451495870f"
url = "https://github.com/jqlang/jq/releases/download/jq-1.8.2/jq-linux-amd64"
url_api = "https://api.github.com/repos/jqlang/jq/releases/assets/453012752"
provenance = "github-attestations"

[tools.jq."platforms.linux-x64-baseline"]
checksum = "sha256:b1c22172dd303f3be49e935aa56aa48a8b7a46e0bc838b4997d3bb451495870f"
url = "https://github.com/jqlang/jq/releases/download/jq-1.8.2/jq-linux-amd64"
url_api = "https://api.github.com/repos/jqlang/jq/releases/assets/453012752"
provenance = "github-attestations"

[tools.jq."platforms.linux-x64-musl"]
checksum = "sha256:b1c22172dd303f3be49e935aa56aa48a8b7a46e0bc838b4997d3bb451495870f"
url = "https://github.com/jqlang/jq/releases/download/jq-1.8.2/jq-linux-amd64"
url_api = "https://api.github.com/repos/jqlang/jq/releases/assets/453012752"
provenance = "github-attestations"

[tools.jq."platforms.linux-x64-musl-baseline"]
checksum = "sha256:b1c22172dd303f3be49e935aa56aa48a8b7a46e0bc838b4997d3bb451495870f"
url = "https://github.com/jqlang/jq/releases/download/jq-1.8.2/jq-linux-amd64"
url_api = "https://api.github.com/repos/jqlang/jq/releases/assets/453012752"
provenance = "github-attestations"

[tools.jq."platforms.macos-arm64"]
checksum = "sha256:2d75340ba57a4b4b4c8708a21c2dc8e958a48aaa8bba13b27f77f6e4c0eca07e"
url = "https://github.com/jqlang/jq/releases/download/jq-1.8.2/jq-macos-arm64"
url_api = "https://api.github.com/repos/jqlang/jq/releases/assets/453012783"
provenance = "github-attestations"

[[tools.node]]
version = "26.10.0"
backend = "core:node"

[tools.node."platforms.linux-arm64"]
checksum = "sha256:423a41bff8e2a2fa15e702fefe2919ef95823b2378744daccb8439302534b44f"
url = "https://nodejs.org/dist/v26.10.0/node-v26.10.0-linux-arm64.tar.gz"

[tools.node."platforms.linux-arm64-musl"]
checksum = "sha256:d26027bff3197050d2a2b0bfa151b18e8378ed81affa2bf5093804db158979b6"
url = "https://unofficial-builds.nodejs.org/download/release/v26.10.0/node-v26.10.0-linux-arm64-musl.tar.gz"

[tools.node."platforms.linux-x64"]
checksum = "sha256:cb5c9ce9c80d7b8821e3a258543c71b939138cf17c74d5cc44bbe85d6dbc5ad8"
url = "https://nodejs.org/dist/v26.10.0/node-v26.10.0-linux-x64.tar.gz"

[tools.node."platforms.linux-x64-baseline"]
checksum = "sha256:cb5c9ce9c80d7b8821e3a258543c71b939138cf17c74d5cc44bbe85d6dbc5ad8"
url = "https://nodejs.org/dist/v26.10.0/node-v26.10.0-linux-x64.tar.gz"

[tools.node."platforms.linux-x64-musl"]
checksum = "sha256:e42da94821b9422eb76bf5aaf4de0977e04ba320b8aff6148d895a94b08ee223"
url = "https://unofficial-builds.nodejs.org/download/release/v26.10.0/node-v26.10.0-linux-x64-musl.tar.gz"

[tools.node."platforms.linux-x64-musl-baseline"]
checksum = "sha256:e42da94821b9422eb76bf5aaf4de0977e04ba320b8aff6148d895a94b08ee223"
url = "https://unofficial-builds.nodejs.org/download/release/v26.10.0/node-v26.10.0-linux-x64-musl.tar.gz"

[tools.node."platforms.macos-arm64"]
checksum = "sha256:751fdf7439f115d87ee2a8f3f18c065b6151852068e3e666ac60ac2996f75ac9"
url = "https://nodejs.org/dist/v26.10.0/node-v26.10.0-darwin-arm64.tar.gz"

[[tools."npm:@antfu/ni"]]
version = "30.6.0"
backend = "npm:@antfu/ni"

[[tools."npm:@google/gemini-cli"]]
version = "0.62.0"
backend = "npm:@google/gemini-cli"

[[tools."npm:@openai/codex"]]
version = "0.160.1"
backend = "npm:@openai/codex"

[[tools."npm:@playwright/cli"]]
version = "0.1.22"
backend = "npm:@playwright/cli"

[tools."npm:@playwright/cli".options]
trust_policy_excludes = '["@playwright/cli@0.1.19"]'

[[tools."npm:ctx7"]]
version = "0.5.13"
backend = "npm:ctx7"

[[tools."npm:difit"]]
version = "5.0.12"
backend = "npm:difit"

[[tools.oci]]
version = "3.94.2"
backend = "vfox:oci"

[[tools.opencode]]
version = "1.18.34"
backend = "aqua:anomalyco/opencode"

[tools.opencode."platforms.linux-arm64"]
checksum = "sha256:bbdb3f00c2c51e42e315525233151309724226a8776da8e9145e3b0fa3d5310f"
url = "https://github.com/anomalyco/opencode/releases/download/v1.18.34/opencode-linux-arm64.tar.gz"
url_api = "https://api.github.com/repos/anomalyco/opencode/releases/assets/601904056"

[tools.opencode."platforms.linux-arm64-musl"]
checksum = "sha256:bbdb3f00c2c51e42e315525233151309724226a8776da8e9145e3b0fa3d5310f"
url = "https://github.com/anomalyco/opencode/releases/download/v1.18.34/opencode-linux-arm64.tar.gz"
url_api = "https://api.github.com/repos/anomalyco/opencode/releases/assets/601904056"

[tools.opencode."platforms.linux-x64"]
checksum = "sha256:0f22479647226d1d2dd99595d20082ee7bda3870b62dc6a90b41efc1a71d7e9a"
url = "https://github.com/anomalyco/opencode/releases/download/v1.18.34/opencode-linux-x64.tar.gz"
url_api = "https://api.github.com/repos/anomalyco/opencode/releases/assets/601903965"

[tools.opencode."platforms.linux-x64-baseline"]
checksum = "sha256:0f22479647226d1d2dd99595d20082ee7bda3870b62dc6a90b41efc1a71d7e9a"
url = "https://github.com/anomalyco/opencode/releases/download/v1.18.34/opencode-linux-x64.tar.gz"
url_api = "https://api.github.com/repos/anomalyco/opencode/releases/assets/601903965"

[tools.opencode."platforms.linux-x64-musl"]
checksum = "sha256:0f22479647226d1d2dd99595d20082ee7bda3870b62dc6a90b41efc1a71d7e9a"
url = "https://github.com/anomalyco/opencode/releases/download/v1.18.34/opencode-linux-x64.tar.gz"
url_api = "https://api.github.com/repos/anomalyco/opencode/releases/assets/601903965"

[tools.opencode."platforms.linux-x64-musl-baseline"]
checksum = "sha256:0f22479647226d1d2dd99595d20082ee7bda3870b62dc6a90b41efc1a71d7e9a"
url = "https://github.com/anomalyco/opencode/releases/download/v1.18.34/opencode-linux-x64.tar.gz"
url_api = "https://api.github.com/repos/anomalyco/opencode/releases/assets/601903965"

[tools.opencode."platforms.macos-arm64"]
checksum = "sha256:8522b70f545184b3a8d97c5ca4f814093b2476d72aebfda8c48bcd072ec31d1b"
url = "https://github.com/anomalyco/opencode/releases/download/v1.18.34/opencode-darwin-arm64.zip"
url_api = "https://api.github.com/repos/anomalyco/opencode/releases/assets/601909071"

[[tools.pinact]]
version = "5.0.0"
backend = "aqua:suzuki-shunsuke/pinact"

[tools.pinact."platforms.linux-arm64"]
checksum = "sha256:d28ca5e9ddd7950da4a808288f8a83f84fc3ca40e86bab970f3adeef33578c0b"
url = "https://github.com/suzuki-shunsuke/pinact/releases/download/v5.0.0/pinact_linux_arm64.tar.gz"
url_api = "https://api.github.com/repos/suzuki-shunsuke/pinact/releases/assets/558638070"
provenance = "github-attestations"

[tools.pinact."platforms.linux-arm64-musl"]
checksum = "sha256:d28ca5e9ddd7950da4a808288f8a83f84fc3ca40e86bab970f3adeef33578c0b"
url = "https://github.com/suzuki-shunsuke/pinact/releases/download/v5.0.0/pinact_linux_arm64.tar.gz"
url_api = "https://api.github.com/repos/suzuki-shunsuke/pinact/releases/assets/558638070"
provenance = "github-attestations"

[tools.pinact."platforms.linux-x64"]
checksum = "sha256:d005bbb85da80dacdc07816f24a5da723a9f6d1e9f3d3e7e73df33f9caa1358f"
url = "https://github.com/suzuki-shunsuke/pinact/releases/download/v5.0.0/pinact_linux_amd64.tar.gz"
url_api = "https://api.github.com/repos/suzuki-shunsuke/pinact/releases/assets/558638065"
provenance = "github-attestations"

[tools.pinact."platforms.linux-x64-baseline"]
checksum = "sha256:d005bbb85da80dacdc07816f24a5da723a9f6d1e9f3d3e7e73df33f9caa1358f"
url = "https://github.com/suzuki-shunsuke/pinact/releases/download/v5.0.0/pinact_linux_amd64.tar.gz"
url_api = "https://api.github.com/repos/suzuki-shunsuke/pinact/releases/assets/558638065"
provenance = "github-attestations"

[tools.pinact."platforms.linux-x64-musl"]
checksum = "sha256:d005bbb85da80dacdc07816f24a5da723a9f6d1e9f3d3e7e73df33f9caa1358f"
url = "https://github.com/suzuki-shunsuke/pinact/releases/download/v5.0.0/pinact_linux_amd64.tar.gz"
url_api = "https://api.github.com/repos/suzuki-shunsuke/pinact/releases/assets/558638065"
provenance = "github-attestations"

[tools.pinact."platforms.linux-x64-musl-baseline"]
checksum = "sha256:d005bbb85da80dacdc07816f24a5da723a9f6d1e9f3d3e7e73df33f9caa1358f"
url = "https://github.com/suzuki-shunsuke/pinact/releases/download/v5.0.0/pinact_linux_amd64.tar.gz"
url_api = "https://api.github.com/repos/suzuki-shunsuke/pinact/releases/assets/558638065"
provenance = "github-attestations"

[tools.pinact."platforms.macos-arm64"]
checksum = "sha256:3437ebfc9db720e431e86fd03ed19173b88dcb80b0f177d11a892126108661b5"
url = "https://github.com/suzuki-shunsuke/pinact/releases/download/v5.0.0/pinact_darwin_arm64.tar.gz"
url_api = "https://api.github.com/repos/suzuki-shunsuke/pinact/releases/assets/558638064"
provenance = "github-attestations"

[[tools.pnpm]]
version = "12.10.0"
backend = "aqua:pnpm/pnpm"

[tools.pnpm."platforms.linux-arm64"]
checksum = "sha256:5b7da9406c0604ef3f6272278d911259ae604d79522af97edfbb98b954716d99"
url = "https://github.com/pnpm/pnpm/releases/download/v12.10.0/pnpm-linux-arm64.tar.gz"
url_api = "https://api.github.com/repos/pnpm/pnpm/releases/assets/613996919"
provenance = "github-attestations"

[tools.pnpm."platforms.linux-arm64-musl"]
checksum = "sha256:e966bfce17aa19d196d4f6a4e436409d3c6356c6b149b4a8c3a3cbbd96b652f4"
url = "https://github.com/pnpm/pnpm/releases/download/v12.10.0/pnpm-linux-arm64-musl.tar.gz"
url_api = "https://api.github.com/repos/pnpm/pnpm/releases/assets/613996918"
provenance = "github-attestations"

[tools.pnpm."platforms.linux-x64"]
checksum = "sha256:54f7167e1d5d035cdd83ecd1a8f4d06ee7bb62caf046303c8110fb127f881207"
url = "https://github.com/pnpm/pnpm/releases/download/v12.10.0/pnpm-linux-x64.tar.gz"
url_api = "https://api.github.com/repos/pnpm/pnpm/releases/assets/613996931"
provenance = "github-attestations"

[tools.pnpm."platforms.linux-x64-baseline"]
checksum = "sha256:54f7167e1d5d035cdd83ecd1a8f4d06ee7bb62caf046303c8110fb127f881207"
url = "https://github.com/pnpm/pnpm/releases/download/v12.10.0/pnpm-linux-x64.tar.gz"
url_api = "https://api.github.com/repos/pnpm/pnpm/releases/assets/613996931"
provenance = "github-attestations"

[tools.pnpm."platforms.linux-x64-musl"]
checksum = "sha256:d9e0338177a69c5ced08b600844db8fbb2daed8d6c7c6d9cbba39062550dc4f4"
url = "https://github.com/pnpm/pnpm/releases/download/v12.10.0/pnpm-linux-x64-musl.tar.gz"
url_api = "https://api.github.com/repos/pnpm/pnpm/releases/assets/613996923"
provenance = "github-attestations"

[tools.pnpm."platforms.linux-x64-musl-baseline"]
checksum = "sha256:d9e0338177a69c5ced08b600844db8fbb2daed8d6c7c6d9cbba39062550dc4f4"
url = "https://github.com/pnpm/pnpm/releases/download/v12.10.0/pnpm-linux-x64-musl.tar.gz"
url_api = "https://api.github.com/repos/pnpm/pnpm/releases/assets/613996923"
provenance = "github-attestations"

[tools.pnpm."platforms.macos-arm64"]
checksum = "sha256:b36d2af27242e190b30c9bf621fba78e48f10cc830e2003ed5dc3ec6e0100af0"
url = "https://github.com/pnpm/pnpm/releases/download/v12.10.0/pnpm-darwin-arm64.tar.gz"
url_api = "https://api.github.com/repos/pnpm/pnpm/releases/assets/613996920"
provenance = "github-attestations"

[[tools.uv]]
version = "0.12.23"
backend = "aqua:astral-sh/uv"

[tools.uv."platforms.linux-arm64"]
checksum = "sha256:6524bd338177ed50d035d39354e12545e993bbeba2ecbddf0480c5b3a81d313f"
url = "https://github.com/astral-sh/uv/releases/download/0.12.23/uv-aarch64-unknown-linux-gnu.tar.gz"
url_api = "https://api.github.com/repos/astral-sh/uv/releases/assets/608232491"
provenance = "github-attestations"

[tools.uv."platforms.linux-arm64-musl"]
checksum = "sha256:b536543cc4d50661986b165c76ee8aa9056e4fa332edcd153ff2e98760f9359b"
url = "https://github.com/astral-sh/uv/releases/download/0.12.23/uv-aarch64-unknown-linux-musl.tar.gz"
url_api = "https://api.github.com/repos/astral-sh/uv/releases/assets/608232500"
provenance = "github-attestations"

[tools.uv."platforms.linux-x64"]
checksum = "sha256:9167d72b3319674b6303c4cbe071854bba13ebdf3d76b1a7cbdc175471fb66d6"
url = "https://github.com/astral-sh/uv/releases/download/0.12.23/uv-x86_64-unknown-linux-gnu.tar.gz"
url_api = "https://api.github.com/repos/astral-sh/uv/releases/assets/608232628"
provenance = "github-attestations"

[tools.uv."platforms.linux-x64-baseline"]
checksum = "sha256:9167d72b3319674b6303c4cbe071854bba13ebdf3d76b1a7cbdc175471fb66d6"
url = "https://github.com/astral-sh/uv/releases/download/0.12.23/uv-x86_64-unknown-linux-gnu.tar.gz"
url_api = "https://api.github.com/repos/astral-sh/uv/releases/assets/608232628"
provenance = "github-attestations"

[tools.uv."platforms.linux-x64-musl"]
checksum = "sha256:1cff8783850e794470aadb73f54b749542a511fc57b0ce6468b64bd3852e0ade"
url = "https://github.com/astral-sh/uv/releases/download/0.12.23/uv-x86_64-unknown-linux-musl.tar.gz"
url_api = "https://api.github.com/repos/astral-sh/uv/releases/assets/608232639"
provenance = "github-attestations"

[tools.uv."platforms.linux-x64-musl-baseline"]
checksum = "sha256:1cff8783850e794470aadb73f54b749542a511fc57b0ce6468b64bd3852e0ade"
url = "https://github.com/astral-sh/uv/releases/download/0.12.23/uv-x86_64-unknown-linux-musl.tar.gz"
url_api = "https://api.github.com/repos/astral-sh/uv/releases/assets/608232639"
provenance = "github-attestations"

[tools.uv."platforms.macos-arm64"]
checksum = "sha256:50487ae565ccd96e499056b4674d438f4c53170202617b4c759defe0c6a1b544"
url = "https://github.com/astral-sh/uv/releases/download/0.12.23/uv-aarch64-apple-darwin.tar.gz"
url_api = "https://api.github.com/repos/astral-sh/uv/releases/assets/608232483"
provenance = "github-attestations"

[[tools.wrangler]]
version = "4.147.0"
backend = "npm:wrangler"

[tools.wrangler.options]
allow_builds = '["esbuild", "sharp", "workerd"]'
